
Microsoft Visual Studio Solution File, Format Version 12.00
# Visual Studio Version 18
VisualStudioVersion = 18.0.11222.15
MinimumVisualStudioVersion = 10.0.40219.1
Project("{9A19103F-16F7-4668-BE54-9A1E7A4F7556}") = "Advent.2023", "Advent.2023\Advent.2023.csproj", "{E9823B75-39E2-47DA-AED4-E3392468BCD7}"
EndProject
Project("{9A19103F-16F7-4668-BE54-9A1E7A4F7556}") = "Advent.2022", "Advent.2022\Advent.2022.csproj", "{A0101BDC-C345-482B-B41A-94EEE8482C86}"
EndProject
Project("{9A19103F-16F7-4668-BE54-9A1E7A4F7556}") = "Advent.2021", "Advent.2021\Advent.2021.csproj", "{A1B8FE19-3779-4CF8-AAA0-448DAF39035B}"
EndProject
Project("{9A19103F-16F7-4668-BE54-9A1E7A4F7556}") = "Advent.2020", "Advent.2020\Advent.2020.csproj", "{13FF3734-55B8-4119-8A29-C679FC6B5C74}"
EndProject
Project("{9A19103F-16F7-4668-BE54-9A1E7A4F7556}") = "Advent.2019", "Advent.2019\Advent.2019.csproj", "{DB25F198-F4EB-4F6A-B53A-BFEDFEFEE3A5}"
EndProject
Project("{9A19103F-16F7-4668-BE54-9A1E7A4F7556}") = "Advent.2018", "Advent.2018\Advent.2018.csproj", "{E0F07538-4E0C-4C3C-A472-39D9ED3B10C2}"
EndProject
Project("{9A19103F-16F7-4668-BE54-9A1E7A4F7556}") = "Advent.2017", "Advent.2017\Advent.2017.csproj", "{E4972B65-4184-4D71-BB06-584FF900804F}"
EndProject
Project("{9A19103F-16F7-4668-BE54-9A1E7A4F7556}") = "Advent.2016", "Advent.2016\Advent.2016.csproj", "{7C0CC979-1DBD-4D6C-8933-B4DCE67A9E83}"
EndProject
Project("{9A19103F-16F7-4668-BE54-9A1E7A4F7556}") = "Advent.2015", "Advent.2015\Advent.2015.csproj", "{B4F7F3A2-D1CF-4875-8DEE-1005BAF56DF0}"
EndProject
Project("{9A19103F-16F7-4668-BE54-9A1E7A4F7556}") = "CodeRunner", "CodeRunner\CodeRunner.csproj", "{25CF3C85-456D-48C1-92D1-4D6B598E41A6}"
	ProjectSection(ProjectDependencies) = postProject
		{1245C42C-C929-458B-BA29-21A1922CC74C} = {1245C42C-C929-458B-BA29-21A1922CC74C}
	EndProjectSection
EndProject
Project("{9A19103F-16F7-4668-BE54-9A1E7A4F7556}") = "Utilities", "Utilities\Utilities.csproj", "{545CA0A5-B9E8-4B9B-B58B-74E7F68ADA63}"
EndProject
Project("{FAE04EC0-301F-11D3-BF4B-00C04F79EFBC}") = "Advent.2024", "Advent.2024\Advent.2024.csproj", "{CB8AEAA3-D906-456A-B621-CA96F4821CB0}"
EndProject
Project("{FAE04EC0-301F-11D3-BF4B-00C04F79EFBC}") = "Advent.2025", "Advent.2025\Advent.2025.csproj", "{1245C42C-C929-458B-BA29-21A1922CC74C}"
EndProject
Global
	GlobalSection(SolutionConfigurationPlatforms) = preSolution
		Debug|Any CPU = Debug|Any CPU
		Release|Any CPU = Release|Any CPU
	EndGlobalSection
	GlobalSection(ProjectConfigurationPlatforms) = postSolution
		{E9823B75-39E2-47DA-AED4-E3392468BCD7}.Debug|Any CPU.ActiveCfg = Debug|Any CPU
		{E9823B75-39E2-47DA-AED4-E3392468BCD7}.Debug|Any CPU.Build.0 = Debug|Any CPU
		{E9823B75-39E2-47DA-AED4-E3392468BCD7}.Release|Any CPU.ActiveCfg = Release|Any CPU
		{E9823B75-39E2-47DA-AED4-E3392468BCD7}.Release|Any CPU.Build.0 = Release|Any CPU
		{A0101BDC-C345-482B-B41A-94EEE8482C86}.Debug|Any CPU.ActiveCfg = Debug|Any CPU
		{A0101BDC-C345-482B-B41A-94EEE8482C86}.Debug|Any CPU.Build.0 = Debug|Any CPU
		{A0101BDC-C345-482B-B41A-94EEE8482C86}.Release|Any CPU.ActiveCfg = Release|Any CPU
		{A0101BDC-C345-482B-B41A-94EEE8482C86}.Release|Any CPU.Build.0 = Release|Any CPU
		{A1B8FE19-3779-4CF8-AAA0-448DAF39035B}.Debug|Any CPU.ActiveCfg = Debug|Any CPU
		{A1B8FE19-3779-4CF8-AAA0-448DAF39035B}.Debug|Any CPU.Build.0 = Debug|Any CPU
		{A1B8FE19-3779-4CF8-AAA0-448DAF39035B}.Release|Any CPU.ActiveCfg = Release|Any CPU
		{A1B8FE19-3779-4CF8-AAA0-448DAF39035B}.Release|Any CPU.Build.0 = Release|Any CPU
		{13FF3734-55B8-4119-8A29-C679FC6B5C74}.Debug|Any CPU.ActiveCfg = Debug|Any CPU
		{13FF3734-55B8-4119-8A29-C679FC6B5C74}.Debug|Any CPU.Build.0 = Debug|Any CPU
		{13FF3734-55B8-4119-8A29-C679FC6B5C74}.Release|Any CPU.ActiveCfg = Release|Any CPU
		{13FF3734-55B8-4119-8A29-C679FC6B5C74}.Release|Any CPU.Build.0 = Release|Any CPU
		{DB25F198-F4EB-4F6A-B53A-BFEDFEFEE3A5}.Debug|Any CPU.ActiveCfg = Debug|Any CPU
		{DB25F198-F4EB-4F6A-B53A-BFEDFEFEE3A5}.Debug|Any CPU.Build.0 = Debug|Any CPU
		{DB25F198-F4EB-4F6A-B53A-BFEDFEFEE3A5}.Release|Any CPU.ActiveCfg = Release|Any CPU
		{DB25F198-F4EB-4F6A-B53A-BFEDFEFEE3A5}.Release|Any CPU.Build.0 = Release|Any CPU
		{E0F07538-4E0C-4C3C-A472-39D9ED3B10C2}.Debug|Any CPU.ActiveCfg = Debug|Any CPU
		{E0F07538-4E0C-4C3C-A472-39D9ED3B10C2}.Debug|Any CPU.Build.0 = Debug|Any CPU
		{E0F07538-4E0C-4C3C-A472-39D9ED3B10C2}.Release|Any CPU.ActiveCfg = Release|Any CPU
		{E0F07538-4E0C-4C3C-A472-39D9ED3B10C2}.Release|Any CPU.Build.0 = Release|Any CPU
		{E4972B65-4184-4D71-BB06-584FF900804F}.Debug|Any CPU.ActiveCfg = Debug|Any CPU
		{E4972B65-4184-4D71-BB06-584FF900804F}.Debug|Any CPU.Build.0 = Debug|Any CPU
		{E4972B65-4184-4D71-BB06-584FF900804F}.Release|Any CPU.ActiveCfg = Release|Any CPU
		{E4972B65-4184-4D71-BB06-584FF900804F}.Release|Any CPU.Build.0 = Release|Any CPU
		{7C0CC979-1DBD-4D6C-8933-B4DCE67A9E83}.Debug|Any CPU.ActiveCfg = Debug|Any CPU
		{7C0CC979-1DBD-4D6C-8933-B4DCE67A9E83}.Debug|Any CPU.Build.0 = Debug|Any CPU
		{7C0CC979-1DBD-4D6C-8933-B4DCE67A9E83}.Release|Any CPU.ActiveCfg = Release|Any CPU
		{7C0CC979-1DBD-4D6C-8933-B4DCE67A9E83}.Release|Any CPU.Build.0 = Release|Any CPU
		{B4F7F3A2-D1CF-4875-8DEE-1005BAF56DF0}.Debug|Any CPU.ActiveCfg = Debug|Any CPU
		{B4F7F3A2-D1CF-4875-8DEE-1005BAF56DF0}.Debug|Any CPU.Build.0 = Debug|Any CPU
		{B4F7F3A2-D1CF-4875-8DEE-1005BAF56DF0}.Release|Any CPU.ActiveCfg = Release|Any CPU
		{B4F7F3A2-D1CF-4875-8DEE-1005BAF56DF0}.Release|Any CPU.Build.0 = Release|Any CPU
		{25CF3C85-456D-48C1-92D1-4D6B598E41A6}.Debug|Any CPU.ActiveCfg = Debug|Any CPU
		{25CF3C85-456D-48C1-92D1-4D6B598E41A6}.Debug|Any CPU.Build.0 = Debug|Any CPU
		{25CF3C85-456D-48C1-92D1-4D6B598E41A6}.Release|Any CPU.ActiveCfg = Release|Any CPU
		{25CF3C85-456D-48C1-92D1-4D6B598E41A6}.Release|Any CPU.Build.0 = Release|Any CPU
		{545CA0A5-B9E8-4B9B-B58B-74E7F68ADA63}.Debug|Any CPU.ActiveCfg = Debug|Any CPU
		{545CA0A5-B9E8-4B9B-B58B-74E7F68ADA63}.Debug|Any CPU.Build.0 = Debug|Any CPU
		{545CA0A5-B9E8-4B9B-B58B-74E7F68ADA63}.Release|Any CPU.ActiveCfg = Release|Any CPU
		{545CA0A5-B9E8-4B9B-B58B-74E7F68ADA63}.Release|Any CPU.Build.0 = Release|Any CPU
		{CB8AEAA3-D906-456A-B621-CA96F4821CB0}.Debug|Any CPU.ActiveCfg = Debug|Any CPU
		{CB8AEAA3-D906-456A-B621-CA96F4821CB0}.Debug|Any CPU.Build.0 = Debug|Any CPU
		{CB8AEAA3-D906-456A-B621-CA96F4821CB0}.Release|Any CPU.ActiveCfg = Release|Any CPU
		{CB8AEAA3-D906-456A-B621-CA96F4821CB0}.Release|Any CPU.Build.0 = Release|Any CPU
		{1245C42C-C929-458B-BA29-21A1922CC74C}.Debug|Any CPU.ActiveCfg = Debug|Any CPU
		{1245C42C-C929-458B-BA29-21A1922CC74C}.Debug|Any CPU.Build.0 = Debug|Any CPU
		{1245C42C-C929-458B-BA29-21A1922CC74C}.Release|Any CPU.ActiveCfg = Release|Any CPU
		{1245C42C-C929-458B-BA29-21A1922CC74C}.Release|Any CPU.Build.0 = Release|Any CPU
	EndGlobalSection
	GlobalSection(SolutionProperties) = preSolution
		HideSolutionNode = FALSE
	EndGlobalSection
	GlobalSection(ExtensibilityGlobals) = postSolution
		SolutionGuid = {7B1D120E-53E4-4A6C-B5C9-155808574726}
	EndGlobalSection
EndGlobal
