
Microsoft Visual Studio Solution File, Format Version 12.00
# Visual Studio Version 16
VisualStudioVersion = 16.0.31911.196
MinimumVisualStudioVersion = 10.0.40219.1
Project("{9A19103F-16F7-4668-BE54-9A1E7A4F7556}") = "day-01", "day-01\day-01.csproj", "{8C2735AA-9C84-47CB-93DC-07A5B0DBF145}"
EndProject
Project("{9A19103F-16F7-4668-BE54-9A1E7A4F7556}") = "day-02", "day-02\day-02.csproj", "{EA660FEE-B045-4F41-A3BC-E781A35DEC2A}"
EndProject
Project("{9A19103F-16F7-4668-BE54-9A1E7A4F7556}") = "day-03", "day-03\day-03.csproj", "{56F5856C-BBFB-4DF0-ADAC-09F42ABE3169}"
EndProject
Project("{9A19103F-16F7-4668-BE54-9A1E7A4F7556}") = "day-04", "day-04\day-04.csproj", "{F2F66A30-D83D-4BB2-9EEE-68273DE8F267}"
EndProject
Project("{9A19103F-16F7-4668-BE54-9A1E7A4F7556}") = "day-05", "day-05\day-05.csproj", "{11B0082B-00FF-4A1A-9D1C-6B9EDD35C178}"
EndProject
Project("{9A19103F-16F7-4668-BE54-9A1E7A4F7556}") = "day-06", "day-06\day-06.csproj", "{8AB47DFE-307D-4F21-8740-692BFFB23D3E}"
EndProject
Project("{9A19103F-16F7-4668-BE54-9A1E7A4F7556}") = "day-07", "day-07\day-07.csproj", "{4DB45AE5-72E3-49A4-9F3F-77DD168A79D7}"
EndProject
Project("{9A19103F-16F7-4668-BE54-9A1E7A4F7556}") = "day-08", "day-08\day-08.csproj", "{2B07BEB7-3942-473F-B480-4CA77F36E382}"
EndProject
Project("{9A19103F-16F7-4668-BE54-9A1E7A4F7556}") = "tests", "tests\tests.csproj", "{41D539FE-E062-4DD1-890C-7D55EEF53725}"
EndProject
Project("{FAE04EC0-301F-11D3-BF4B-00C04F79EFBC}") = "day-09", "day-09\day-09.csproj", "{FE6468A2-8D1E-4D3A-8F59-70C250283EF0}"
EndProject
Global
	GlobalSection(SolutionConfigurationPlatforms) = preSolution
		Debug|Any CPU = Debug|Any CPU
		Release|Any CPU = Release|Any CPU
	EndGlobalSection
	GlobalSection(ProjectConfigurationPlatforms) = postSolution
		{8C2735AA-9C84-47CB-93DC-07A5B0DBF145}.Debug|Any CPU.ActiveCfg = Debug|Any CPU
		{8C2735AA-9C84-47CB-93DC-07A5B0DBF145}.Debug|Any CPU.Build.0 = Debug|Any CPU
		{8C2735AA-9C84-47CB-93DC-07A5B0DBF145}.Release|Any CPU.ActiveCfg = Release|Any CPU
		{8C2735AA-9C84-47CB-93DC-07A5B0DBF145}.Release|Any CPU.Build.0 = Release|Any CPU
		{EA660FEE-B045-4F41-A3BC-E781A35DEC2A}.Debug|Any CPU.ActiveCfg = Debug|Any CPU
		{EA660FEE-B045-4F41-A3BC-E781A35DEC2A}.Debug|Any CPU.Build.0 = Debug|Any CPU
		{EA660FEE-B045-4F41-A3BC-E781A35DEC2A}.Release|Any CPU.ActiveCfg = Release|Any CPU
		{EA660FEE-B045-4F41-A3BC-E781A35DEC2A}.Release|Any CPU.Build.0 = Release|Any CPU
		{56F5856C-BBFB-4DF0-ADAC-09F42ABE3169}.Debug|Any CPU.ActiveCfg = Debug|Any CPU
		{56F5856C-BBFB-4DF0-ADAC-09F42ABE3169}.Debug|Any CPU.Build.0 = Debug|Any CPU
		{56F5856C-BBFB-4DF0-ADAC-09F42ABE3169}.Release|Any CPU.ActiveCfg = Release|Any CPU
		{56F5856C-BBFB-4DF0-ADAC-09F42ABE3169}.Release|Any CPU.Build.0 = Release|Any CPU
		{F2F66A30-D83D-4BB2-9EEE-68273DE8F267}.Debug|Any CPU.ActiveCfg = Debug|Any CPU
		{F2F66A30-D83D-4BB2-9EEE-68273DE8F267}.Debug|Any CPU.Build.0 = Debug|Any CPU
		{F2F66A30-D83D-4BB2-9EEE-68273DE8F267}.Release|Any CPU.ActiveCfg = Release|Any CPU
		{F2F66A30-D83D-4BB2-9EEE-68273DE8F267}.Release|Any CPU.Build.0 = Release|Any CPU
		{11B0082B-00FF-4A1A-9D1C-6B9EDD35C178}.Debug|Any CPU.ActiveCfg = Debug|Any CPU
		{11B0082B-00FF-4A1A-9D1C-6B9EDD35C178}.Debug|Any CPU.Build.0 = Debug|Any CPU
		{11B0082B-00FF-4A1A-9D1C-6B9EDD35C178}.Release|Any CPU.ActiveCfg = Release|Any CPU
		{11B0082B-00FF-4A1A-9D1C-6B9EDD35C178}.Release|Any CPU.Build.0 = Release|Any CPU
		{8AB47DFE-307D-4F21-8740-692BFFB23D3E}.Debug|Any CPU.ActiveCfg = Debug|Any CPU
		{8AB47DFE-307D-4F21-8740-692BFFB23D3E}.Debug|Any CPU.Build.0 = Debug|Any CPU
		{8AB47DFE-307D-4F21-8740-692BFFB23D3E}.Release|Any CPU.ActiveCfg = Release|Any CPU
		{8AB47DFE-307D-4F21-8740-692BFFB23D3E}.Release|Any CPU.Build.0 = Release|Any CPU
		{4DB45AE5-72E3-49A4-9F3F-77DD168A79D7}.Debug|Any CPU.ActiveCfg = Debug|Any CPU
		{4DB45AE5-72E3-49A4-9F3F-77DD168A79D7}.Debug|Any CPU.Build.0 = Debug|Any CPU
		{4DB45AE5-72E3-49A4-9F3F-77DD168A79D7}.Release|Any CPU.ActiveCfg = Release|Any CPU
		{4DB45AE5-72E3-49A4-9F3F-77DD168A79D7}.Release|Any CPU.Build.0 = Release|Any CPU
		{2B07BEB7-3942-473F-B480-4CA77F36E382}.Debug|Any CPU.ActiveCfg = Debug|Any CPU
		{2B07BEB7-3942-473F-B480-4CA77F36E382}.Debug|Any CPU.Build.0 = Debug|Any CPU
		{2B07BEB7-3942-473F-B480-4CA77F36E382}.Release|Any CPU.ActiveCfg = Release|Any CPU
		{2B07BEB7-3942-473F-B480-4CA77F36E382}.Release|Any CPU.Build.0 = Release|Any CPU
		{41D539FE-E062-4DD1-890C-7D55EEF53725}.Debug|Any CPU.ActiveCfg = Debug|Any CPU
		{41D539FE-E062-4DD1-890C-7D55EEF53725}.Debug|Any CPU.Build.0 = Debug|Any CPU
		{41D539FE-E062-4DD1-890C-7D55EEF53725}.Release|Any CPU.ActiveCfg = Release|Any CPU
		{41D539FE-E062-4DD1-890C-7D55EEF53725}.Release|Any CPU.Build.0 = Release|Any CPU
		{FE6468A2-8D1E-4D3A-8F59-70C250283EF0}.Debug|Any CPU.ActiveCfg = Debug|Any CPU
		{FE6468A2-8D1E-4D3A-8F59-70C250283EF0}.Debug|Any CPU.Build.0 = Debug|Any CPU
		{FE6468A2-8D1E-4D3A-8F59-70C250283EF0}.Release|Any CPU.ActiveCfg = Release|Any CPU
		{FE6468A2-8D1E-4D3A-8F59-70C250283EF0}.Release|Any CPU.Build.0 = Release|Any CPU
	EndGlobalSection
	GlobalSection(SolutionProperties) = preSolution
		HideSolutionNode = FALSE
	EndGlobalSection
	GlobalSection(ExtensibilityGlobals) = postSolution
		SolutionGuid = {7B1D120E-53E4-4A6C-B5C9-155808574726}
	EndGlobalSection
EndGlobal
